
Microsoft Visual Studio Solution File, Format Version 12.00
# Visual Studio Version 17
VisualStudioVersion = 17.3.32819.101
MinimumVisualStudioVersion = 10.0.40219.1
Project("{FAE04EC0-301F-11D3-BF4B-00C04F79EFBC}") = "Players and Monsters", "Players and Monsters.csproj", "{E5CA1D51-BAE0-4899-8AE4-DCC9D0354F15}"
EndProject
Global
	GlobalSection(SolutionConfigurationPlatforms) = preSolution
		Debug|Any CPU = Debug|Any CPU
		Release|Any CPU = Release|Any CPU
	EndGlobalSection
	GlobalSection(ProjectConfigurationPlatforms) = postSolution
		{E5CA1D51-BAE0-4899-8AE4-DCC9D0354F15}.Debug|Any CPU.ActiveCfg = Debug|Any CPU
		{E5CA1D51-BAE0-4899-8AE4-DCC9D0354F15}.Debug|Any CPU.Build.0 = Debug|Any CPU
		{E5CA1D51-BAE0-4899-8AE4-DCC9D0354F15}.Release|Any CPU.ActiveCfg = Release|Any CPU
		{E5CA1D51-BAE0-4899-8AE4-DCC9D0354F15}.Release|Any CPU.Build.0 = Release|Any CPU
	EndGlobalSection
	GlobalSection(SolutionProperties) = preSolution
		HideSolutionNode = FALSE
	EndGlobalSection
	GlobalSection(ExtensibilityGlobals) = postSolution
		SolutionGuid = {95F60AAC-E0AD-425C-AE71-010B3CFA8B81}
	EndGlobalSection
EndGlobal
